
Microsoft Visual Studio Solution File, Format Version 12.00
# Visual Studio Version 17
VisualStudioVersion = 17.14.36414.22 d17.14
MinimumVisualStudioVersion = 10.0.40219.1
Project("{FAE04EC0-301F-11D3-BF4B-00C04F79EFBC}") = "AMPS", "AMPS.csproj", "{DEE54A8A-9287-4600-BA7C-63C6E10EBE67}"
EndProject
Global
	GlobalSection(SolutionConfigurationPlatforms) = preSolution
		Debug|Any CPU = Debug|Any CPU
		Release|Any CPU = Release|Any CPU
	EndGlobalSection
	GlobalSection(ProjectConfigurationPlatforms) = postSolution
		{DEE54A8A-9287-4600-BA7C-63C6E10EBE67}.Debug|Any CPU.ActiveCfg = Debug|Any CPU
		{DEE54A8A-9287-4600-BA7C-63C6E10EBE67}.Debug|Any CPU.Build.0 = Debug|Any CPU
		{DEE54A8A-9287-4600-BA7C-63C6E10EBE67}.Release|Any CPU.ActiveCfg = Release|Any CPU
		{DEE54A8A-9287-4600-BA7C-63C6E10EBE67}.Release|Any CPU.Build.0 = Release|Any CPU
	EndGlobalSection
	GlobalSection(SolutionProperties) = preSolution
		HideSolutionNode = FALSE
	EndGlobalSection
	GlobalSection(ExtensibilityGlobals) = postSolution
		SolutionGuid = {0BBCBDAE-2603-4CD6-A9B1-5ACA87C086C5}
	EndGlobalSection
EndGlobal
